
Microsoft Visual Studio Solution File, Format Version 12.00
# Visual Studio Version 17
VisualStudioVersion = 17.9.34714.143
MinimumVisualStudioVersion = 10.0.40219.1
Project("{FAE04EC0-301F-11D3-BF4B-00C04F79EFBC}") = "PersonalExpenseTracker.Web", "PersonalExpenseTracker.Web\PersonalExpenseTracker.Web.csproj", "{11F039FF-B650-409B-887D-1B3C0F78312E}"
EndProject
Project("{FAE04EC0-301F-11D3-BF4B-00C04F79EFBC}") = "PersonalExpenseTracker.Core", "PersonalExpenseTracker.Core\PersonalExpenseTracker.Core.csproj", "{C7B17F52-1D94-41FF-919F-369775DD7492}"
EndProject
Project("{FAE04EC0-301F-11D3-BF4B-00C04F79EFBC}") = "PersonalExpenseTracker.Infrastructure", "PersonalExpenseTracker.Infrastructure\PersonalExpenseTracker.Infrastructure.csproj", "{7B9C413D-FDE6-4897-AB09-AE85CAE0E22F}"
EndProject
Global
	GlobalSection(SolutionConfigurationPlatforms) = preSolution
		Debug|Any CPU = Debug|Any CPU
		Release|Any CPU = Release|Any CPU
	EndGlobalSection
	GlobalSection(ProjectConfigurationPlatforms) = postSolution
		{11F039FF-B650-409B-887D-1B3C0F78312E}.Debug|Any CPU.ActiveCfg = Debug|Any CPU
		{11F039FF-B650-409B-887D-1B3C0F78312E}.Debug|Any CPU.Build.0 = Debug|Any CPU
		{11F039FF-B650-409B-887D-1B3C0F78312E}.Release|Any CPU.ActiveCfg = Release|Any CPU
		{11F039FF-B650-409B-887D-1B3C0F78312E}.Release|Any CPU.Build.0 = Release|Any CPU
		{C7B17F52-1D94-41FF-919F-369775DD7492}.Debug|Any CPU.ActiveCfg = Debug|Any CPU
		{C7B17F52-1D94-41FF-919F-369775DD7492}.Debug|Any CPU.Build.0 = Debug|Any CPU
		{C7B17F52-1D94-41FF-919F-369775DD7492}.Release|Any CPU.ActiveCfg = Release|Any CPU
		{C7B17F52-1D94-41FF-919F-369775DD7492}.Release|Any CPU.Build.0 = Release|Any CPU
		{7B9C413D-FDE6-4897-AB09-AE85CAE0E22F}.Debug|Any CPU.ActiveCfg = Debug|Any CPU
		{7B9C413D-FDE6-4897-AB09-AE85CAE0E22F}.Debug|Any CPU.Build.0 = Debug|Any CPU
		{7B9C413D-FDE6-4897-AB09-AE85CAE0E22F}.Release|Any CPU.ActiveCfg = Release|Any CPU
		{7B9C413D-FDE6-4897-AB09-AE85CAE0E22F}.Release|Any CPU.Build.0 = Release|Any CPU
	EndGlobalSection
	GlobalSection(SolutionProperties) = preSolution
		HideSolutionNode = FALSE
	EndGlobalSection
	GlobalSection(ExtensibilityGlobals) = postSolution
		SolutionGuid = {D2797DE4-0C3C-4A26-A39A-F2E1117AA51D}
	EndGlobalSection
EndGlobal
